
Microsoft Visual Studio Solution File, Format Version 12.00
Project("{FAE04EC0-301F-11D3-BF4B-00C04F79EFBC}") = "lc-88-merge-sorted-array", "lc-88-merge-sorted-array\lc-88-merge-sorted-array.csproj", "{68111850-900C-4162-8BA8-653B5A0E6E0E}"
EndProject
Project("{FAE04EC0-301F-11D3-BF4B-00C04F79EFBC}") = "lc-27-remove-element", "lc-27-remove-element\lc-27-remove-element.csproj", "{419A2BC7-4EF3-4AC9-9CE1-6E40121114E5}"
EndProject
Project("{FAE04EC0-301F-11D3-BF4B-00C04F79EFBC}") = "lc-20-valid-parentheses", "lc-20-valid-parentheses\lc-20-valid-parentheses.csproj", "{B4E508D1-D5A9-499F-B0CC-88A8DDEF082A}"
EndProject
Project("{FAE04EC0-301F-11D3-BF4B-00C04F79EFBC}") = "lc-121-best-time-to-buy-and-sell-stock", "lc-121-best-time-to-buy-and-sell-stock\lc-121-best-time-to-buy-and-sell-stock.csproj", "{3803167B-5990-45DA-911D-B8319D17B862}"
EndProject
Global
	GlobalSection(SolutionConfigurationPlatforms) = preSolution
		Debug|Any CPU = Debug|Any CPU
		Release|Any CPU = Release|Any CPU
	EndGlobalSection
	GlobalSection(ProjectConfigurationPlatforms) = postSolution
		{68111850-900C-4162-8BA8-653B5A0E6E0E}.Debug|Any CPU.ActiveCfg = Debug|Any CPU
		{68111850-900C-4162-8BA8-653B5A0E6E0E}.Debug|Any CPU.Build.0 = Debug|Any CPU
		{68111850-900C-4162-8BA8-653B5A0E6E0E}.Release|Any CPU.ActiveCfg = Release|Any CPU
		{68111850-900C-4162-8BA8-653B5A0E6E0E}.Release|Any CPU.Build.0 = Release|Any CPU
		{419A2BC7-4EF3-4AC9-9CE1-6E40121114E5}.Debug|Any CPU.ActiveCfg = Debug|Any CPU
		{419A2BC7-4EF3-4AC9-9CE1-6E40121114E5}.Debug|Any CPU.Build.0 = Debug|Any CPU
		{419A2BC7-4EF3-4AC9-9CE1-6E40121114E5}.Release|Any CPU.ActiveCfg = Release|Any CPU
		{419A2BC7-4EF3-4AC9-9CE1-6E40121114E5}.Release|Any CPU.Build.0 = Release|Any CPU
		{B4E508D1-D5A9-499F-B0CC-88A8DDEF082A}.Debug|Any CPU.ActiveCfg = Debug|Any CPU
		{B4E508D1-D5A9-499F-B0CC-88A8DDEF082A}.Debug|Any CPU.Build.0 = Debug|Any CPU
		{B4E508D1-D5A9-499F-B0CC-88A8DDEF082A}.Release|Any CPU.ActiveCfg = Release|Any CPU
		{B4E508D1-D5A9-499F-B0CC-88A8DDEF082A}.Release|Any CPU.Build.0 = Release|Any CPU
		{3803167B-5990-45DA-911D-B8319D17B862}.Debug|Any CPU.ActiveCfg = Debug|Any CPU
		{3803167B-5990-45DA-911D-B8319D17B862}.Debug|Any CPU.Build.0 = Debug|Any CPU
		{3803167B-5990-45DA-911D-B8319D17B862}.Release|Any CPU.ActiveCfg = Release|Any CPU
		{3803167B-5990-45DA-911D-B8319D17B862}.Release|Any CPU.Build.0 = Release|Any CPU
	EndGlobalSection
EndGlobal
